// !$*UTF8*$!
{
	archiveVersion = 1;
	classes = {
	};
	objectVersion = 50;
	objects = {

/* Begin PBXBuildFile section */
		F0A67E0D235F446A00DD51EA /* AppDelegate.swift in Sources */ = {isa = PBXBuildFile; fileRef = F0A67E0C235F446A00DD51EA /* AppDelegate.swift */; };
		F0A67E0F235F446A00DD51EA /* SceneDelegate.swift in Sources */ = {isa = PBXBuildFile; fileRef = F0A67E0E235F446A00DD51EA /* SceneDelegate.swift */; };
		F0A67E11235F446A00DD51EA /* ViewController.swift in Sources */ = {isa = PBXBuildFile; fileRef = F0A67E10235F446A00DD51EA /* ViewController.swift */; };
		F0A67E14235F446A00DD51EA /* Main.storyboard in Resources */ = {isa = PBXBuildFile; fileRef = F0A67E12235F446A00DD51EA /* Main.storyboard */; };
		F0A67E16235F446B00DD51EA /* Assets.xcassets in Resources */ = {isa = PBXBuildFile; fileRef = F0A67E15235F446B00DD51EA /* Assets.xcassets */; };
		F0A67E19235F446B00DD51EA /* LaunchScreen.storyboard in Resources */ = {isa = PBXBuildFile; fileRef = F0A67E17235F446B00DD51EA /* LaunchScreen.storyboard */; };
/* End PBXBuildFile section */

/* Begin PBXFileReference section */
		F0A67E09235F446A00DD51EA /* SecondIOSApp.app */ = {isa = PBXFileReference; explicitFileType = wrapper.application; includeInIndex = 0; path = SecondIOSApp.app; sourceTree = BUILT_PRODUCTS_DIR; };
		F0A67E0C235F446A00DD51EA /* AppDelegate.swift */ = {isa = PBXFileReference; lastKnownFileType = sourcecode.swift; path = AppDelegate.swift; sourceTree = "<group>"; };
		F0A67E0E235F446A00DD51EA /* SceneDelegate.swift */ = {isa = PBXFileReference; lastKnownFileType = sourcecode.swift; path = SceneDelegate.swift; sourceTree = "<group>"; };
		F0A67E10235F446A00DD51EA /* ViewController.swift */ = {isa = PBXFileReference; lastKnownFileType = sourcecode.swift; path = ViewController.swift; sourceTree = "<group>"; };
		F0A67E13235F446A00DD51EA /* Base */ = {isa = PBXFileReference; lastKnownFileType = file.storyboard; name = Base; path = Base.lproj/Main.storyboard; sourceTree = "<group>"; };
		F0A67E15235F446B00DD51EA /* Assets.xcassets */ = {isa = PBXFileReference; lastKnownFileType = folder.assetcatalog; path = Assets.xcassets; sourceTree = "<group>"; };
		F0A67E18235F446B00DD51EA /* Base */ = {isa = PBXFileReference; lastKnownFileType = file.storyboard; name = Base; path = Base.lproj/LaunchScreen.storyboard; sourceTree = "<group>"; };
		F0A67E1A235F446B00DD51EA /* Info.plist */ = {isa = PBXFileReference; lastKnownFileType = text.plist.xml; path = Info.plist; sourceTree = "<group>"; };
/* End PBXFileReference section */

/* Begin PBXFrameworksBuildPhase section */
		F0A67E06235F446A00DD51EA /* Frameworks */ = {
			isa = PBXFrameworksBuildPhase;
			buildActionMask = 2147483647;
			files = (
			);
			runOnlyForDeploymentPostprocessing = 0;
		};
/* End PBXFrameworksBuildPhase section */

/* Begin PBXGroup section */
		F0A67E00235F446A00DD51EA = {
			isa = PBXGroup;
			children = (
				F0A67E0B235F446A00DD51EA /* SecondIOSApp */,
				F0A67E0A235F446A00DD51EA /* Products */,
			);
			sourceTree = "<group>";
		};
		F0A67E0A235F446A00DD51EA /* Products */ = {
			isa = PBXGroup;
			children = (
				F0A67E09235F446A00DD51EA /* SecondIOSApp.app */,
			);
			name = Products;
			sourceTree = "<group>";
		};
		F0A67E0B235F446A00DD51EA /* SecondIOSApp */ = {
			isa = PBXGroup;
			children = (
				F0A67E0C235F446A00DD51EA /* AppDelegate.swift */,
				F0A67E0E235F446A00DD51EA /* SceneDelegate.swift */,
				F0A67E10235F446A00DD51EA /* ViewController.swift */,
				F0A67E12235F446A00DD51EA /* Main.storyboard */,
				F0A67E15235F446B00DD51EA /* Assets.xcassets */,
				F0A67E17235F446B00DD51EA /* LaunchScreen.storyboard */,
				F0A67E1A235F446B00DD51EA /* Info.plist */,
			);
			path = SecondIOSApp;
			sourceTree = "<group>";
		};
/* End PBXGroup section */

/* Begin PBXNativeTarget section */
		F0A67E08235F446A00DD51EA /* SecondIOSApp */ = {
			isa = PBXNativeTarget;
			buildConfigurationList = F0A67E1D235F446B00DD51EA /* Build configuration list for PBXNativeTarget "SecondIOSApp" */;
			buildPhases = (
				F0A67E05235F446A00DD51EA /* Sources */,
				F0A67E06235F446A00DD51EA /* Frameworks */,
				F0A67E07235F446A00DD51EA /* Resources */,
			);
			buildRules = (
			);
			dependencies = (
			);
			name = SecondIOSApp;
			productName = SecondIOSApp;
			productReference = F0A67E09235F446A00DD51EA /* SecondIOSApp.app */;
			productType = "com.apple.product-type.application";
		};
/* End PBXNativeTarget section */

/* Begin PBXProject section */
		F0A67E01235F446A00DD51EA /* Project object */ = {
			isa = PBXProject;
			attributes = {
				LastSwiftUpdateCheck = 1110;
				LastUpgradeCheck = 1110;
				ORGANIZATIONNAME = "Hewlett, Brianna Anne";
				TargetAttributes = {
					F0A67E08235F446A00DD51EA = {
						CreatedOnToolsVersion = 11.1;
					};
				};
			};
			buildConfigurationList = F0A67E04235F446A00DD51EA /* Build configuration list for PBXProject "SecondIOSApp" */;
			compatibilityVersion = "Xcode 9.3";
			developmentRegion = en;
			hasScannedForEncodings = 0;
			knownRegions = (
				en,
				Base,
			);
			mainGroup = F0A67E00235F446A00DD51EA;
			productRefGroup = F0A67E0A235F446A00DD51EA /* Products */;
			projectDirPath = "";
			projectRoot = "";
			targets = (
				F0A67E08235F446A00DD51EA /* SecondIOSApp */,
			);
		};
/* End PBXProject section */

/* Begin PBXResourcesBuildPhase section */
		F0A67E07235F446A00DD51EA /* Resources */ = {
			isa = PBXResourcesBuildPhase;
			buildActionMask = 2147483647;
			files = (
				F0A67E19235F446B00DD51EA /* LaunchScreen.storyboard in Resources */,
				F0A67E16235F446B00DD51EA /* Assets.xcassets in Resources */,
				F0A67E14235F446A00DD51EA /* Main.storyboard in Resources */,
			);
			runOnlyForDeploymentPostprocessing = 0;
		};
/* End PBXResourcesBuildPhase section */

/* Begin PBXSourcesBuildPhase section */
		F0A67E05235F446A00DD51EA /* Sources */ = {
			isa = PBXSourcesBuildPhase;
			buildActionMask = 2147483647;
			files = (
				F0A67E11235F446A00DD51EA /* ViewController.swift in Sources */,
				F0A67E0D235F446A00DD51EA /* AppDelegate.swift in Sources */,
				F0A67E0F235F446A00DD51EA /* SceneDelegate.swift in Sources */,
			);
			runOnlyForDeploymentPostprocessing = 0;
		};
/* End PBXSourcesBuildPhase section */

/* Begin PBXVariantGroup section */
		F0A67E12235F446A00DD51EA /* Main.storyboard */ = {
			isa = PBXVariantGroup;
			children = (
				F0A67E13235F446A00DD51EA /* Base */,
			);
			name = Main.storyboard;
			sourceTree = "<group>";
		};
		F0A67E17235F446B00DD51EA /* LaunchScreen.storyboard */ = {
			isa = PBXVariantGroup;
			children = (
				F0A67E18235F446B00DD51EA /* Base */,
			);
			name = LaunchScreen.storyboard;
			sourceTree = "<group>";
		};
/* End PBXVariantGroup section */

/* Begin XCBuildConfiguration section */
		F0A67E1B235F446B00DD51EA /* Debug */ = {
			isa = XCBuildConfiguration;
			buildSettings = {
				ALWAYS_SEARCH_USER_PATHS = NO;
				CLANG_ANALYZER_NONNULL = YES;
				CLANG_ANALYZER_NUMBER_OBJECT_CONVERSION = YES_AGGRESSIVE;
				CLANG_CXX_LANGUAGE_STANDARD = "gnu++14";
				CLANG_CXX_LIBRARY = "libc++";
				CLANG_ENABLE_MODULES = YES;
				CLANG_ENABLE_OBJC_ARC = YES;
				CLANG_ENABLE_OBJC_WEAK = YES;
				CLANG_WARN_BLOCK_CAPTURE_AUTORELEASING = YES;
				CLANG_WARN_BOOL_CONVERSION = YES;
				CLANG_WARN_COMMA = YES;
				CLANG_WARN_CONSTANT_CONVERSION = YES;
				CLANG_WARN_DEPRECATED_OBJC_IMPLEMENTATIONS = YES;
				CLANG_WARN_DIRECT_OBJC_ISA_USAGE = YES_ERROR;
				CLANG_WARN_DOCUMENTATION_COMMENTS = YES;
				CLANG_WARN_EMPTY_BODY = YES;
				CLANG_WARN_ENUM_CONVERSION = YES;
				CLANG_WARN_INFINITE_RECURSION = YES;
				CLANG_WARN_INT_CONVERSION = YES;
				CLANG_WARN_NON_LITERAL_NULL_CONVERSION = YES;
				CLANG_WARN_OBJC_IMPLICIT_RETAIN_SELF = YES;
				CLANG_WARN_OBJC_LITERAL_CONVERSION = YES;
				CLANG_WARN_OBJC_ROOT_CLASS = YES_ERROR;
				CLANG_WARN_RANGE_LOOP_ANALYSIS = YES;
				CLANG_WARN_STRICT_PROTOTYPES = YES;
				CLANG_WARN_SUSPICIOUS_MOVE = YES;
				CLANG_WARN_UNGUARDED_AVAILABILITY = YES_AGGRESSIVE;
				CLANG_WARN_UNREACHABLE_CODE = YES;
				CLANG_WARN__DUPLICATE_METHOD_MATCH = YES;
				COPY_PHASE_STRIP = NO;
				DEBUG_INFORMATION_FORMAT = dwarf;
				ENABLE_STRICT_OBJC_MSGSEND = YES;
				ENABLE_TESTABILITY = YES;
				GCC_C_LANGUAGE_STANDARD = gnu11;
				GCC_DYNAMIC_NO_PIC = NO;
				GCC_NO_COMMON_BLOCKS = YES;
				GCC_OPTIMIZATION_LEVEL = 0;
				GCC_PREPROCESSOR_DEFINITIONS = (
					"DEBUG=1",
					"$(inherited)",
				);
				GCC_WARN_64_TO_32_BIT_CONVERSION = YES;
				GCC_WARN_ABOUT_RETURN_TYPE = YES_ERROR;
				GCC_WARN_UNDECLARED_SELECTOR = YES;
				GCC_WARN_UNINITIALIZED_AUTOS = YES_AGGRESSIVE;
				GCC_WARN_UNUSED_FUNCTION = YES;
				GCC_WARN_UNUSED_VARIABLE = YES;
				IPHONEOS_DEPLOYMENT_TARGET = 13.1;
				MTL_ENABLE_DEBUG_INFO = INCLUDE_SOURCE;
				MTL_FAST_MATH = YES;
				ONLY_ACTIVE_ARCH = YES;
				SDKROOT = iphoneos;
				SWIFT_ACTIVE_COMPILATION_CONDITIONS = DEBUG;
				SWIFT_OPTIMIZATION_LEVEL = "-Onone";
			};
			name = Debug;
		};
		F0A67E1C235F446B00DD51EA /* Release */ = {
			isa = XCBuildConfiguration;
			buildSettings = {
				ALWAYS_SEARCH_USER_PATHS = NO;
				CLANG_ANALYZER_NONNULL = YES;
				CLANG_ANALYZER_NUMBER_OBJECT_CONVERSION = YES_AGGRESSIVE;
				CLANG_CXX_LANGUAGE_STANDARD = "gnu++14";
				CLANG_CXX_LIBRARY = "libc++";
				CLANG_ENABLE_MODULES = YES;
				CLANG_ENABLE_OBJC_ARC = YES;
				CLANG_ENABLE_OBJC_WEAK = YES;
				CLANG_WARN_BLOCK_CAPTURE_AUTORELEASING = YES;
				CLANG_WARN_BOOL_CONVERSION = YES;
				CLANG_WARN_COMMA = YES;
				CLANG_WARN_CONSTANT_CONVERSION = YES;
				CLANG_WARN_DEPRECATED_OBJC_IMPLEMENTATIONS = YES;
				CLANG_WARN_DIRECT_OBJC_ISA_USAGE = YES_ERROR;
				CLANG_WARN_DOCUMENTATION_COMMENTS = YES;
				CLANG_WARN_EMPTY_BODY = YES;
				CLANG_WARN_ENUM_CONVERSION = YES;
				CLANG_WARN_INFINITE_RECURSION = YES;
				CLANG_WARN_INT_CONVERSION = YES;
				CLANG_WARN_NON_LITERAL_NULL_CONVERSION = YES;
				CLANG_WARN_OBJC_IMPLICIT_RETAIN_SELF = YES;
				CLANG_WARN_OBJC_LITERAL_CONVERSION = YES;
				CLANG_WARN_OBJC_ROOT_CLASS = YES_ERROR;
				CLANG_WARN_RANGE_LOOP_ANALYSIS = YES;
				CLANG_WARN_STRICT_PROTOTYPES = YES;
				CLANG_WARN_SUSPICIOUS_MOVE = YES;
				CLANG_WARN_UNGUARDED_AVAILABILITY = YES_AGGRESSIVE;
				CLANG_WARN_UNREACHABLE_CODE = YES;
				CLANG_WARN__DUPLICATE_METHOD_MATCH = YES;
				COPY_PHASE_STRIP = NO;
				DEBUG_INFORMATION_FORMAT = "dwarf-with-dsym";
				ENABLE_NS_ASSERTIONS = NO;
				ENABLE_STRICT_OBJC_MSGSEND = YES;
				GCC_C_LANGUAGE_STANDARD = gnu11;
				GCC_NO_COMMON_BLOCKS = YES;
				GCC_WARN_64_TO_32_BIT_CONVERSION = YES;
				GCC_WARN_ABOUT_RETURN_TYPE = YES_ERROR;
				GCC_WARN_UNDECLARED_SELECTOR = YES;
				GCC_WARN_UNINITIALIZED_AUTOS = YES_AGGRESSIVE;
				GCC_WARN_UNUSED_FUNCTION = YES;
				GCC_WARN_UNUSED_VARIABLE = YES;
				IPHONEOS_DEPLOYMENT_TARGET = 13.1;
				MTL_ENABLE_DEBUG_INFO = NO;
				MTL_FAST_MATH = YES;
				SDKROOT = iphoneos;
				SWIFT_COMPILATION_MODE = wholemodule;
				SWIFT_OPTIMIZATION_LEVEL = "-O";
				VALIDATE_PRODUCT = YES;
			};
			name = Release;
		};
		F0A67E1E235F446B00DD51EA /* Debug */ = {
			isa = XCBuildConfiguration;
			buildSettings = {
				ASSETCATALOG_COMPILER_APPICON_NAME = AppIcon;
				CODE_SIGN_STYLE = Automatic;
				DEVELOPMENT_TEAM = 9L9Z6H4KYT;
				INFOPLIST_FILE = SecondIOSApp/Info.plist;
				LD_RUNPATH_SEARCH_PATHS = (
					"$(inherited)",
					"@executable_path/Frameworks",
				);
				PRODUCT_BUNDLE_IDENTIFIER = Bri.SecondIOSApp;
				PRODUCT_NAME = "$(TARGET_NAME)";
				SWIFT_VERSION = 5.0;
				TARGETED_DEVICE_FAMILY = "1,2";
			};
			name = Debug;
		};
		F0A67E1F235F446B00DD51EA /* Release */ = {
			isa = XCBuildConfiguration;
			buildSettings = {
				ASSETCATALOG_COMPILER_APPICON_NAME = AppIcon;
				CODE_SIGN_STYLE = Automatic;
				DEVELOPMENT_TEAM = 9L9Z6H4KYT;
				INFOPLIST_FILE = SecondIOSApp/Info.plist;
				LD_RUNPATH_SEARCH_PATHS = (
					"$(inherited)",
					"@executable_path/Frameworks",
				);
				PRODUCT_BUNDLE_IDENTIFIER = Bri.SecondIOSApp;
				PRODUCT_NAME = "$(TARGET_NAME)";
				SWIFT_VERSION = 5.0;
				TARGETED_DEVICE_FAMILY = "1,2";
			};
			name = Release;
		};
/* End XCBuildConfiguration section */

/* Begin XCConfigurationList section */
		F0A67E04235F446A00DD51EA /* Build configuration list for PBXProject "SecondIOSApp" */ = {
			isa = XCConfigurationList;
			buildConfigurations = (
				F0A67E1B235F446B00DD51EA /* Debug */,
				F0A67E1C235F446B00DD51EA /* Release */,
			);
			defaultConfigurationIsVisible = 0;
			defaultConfigurationName = Release;
		};
		F0A67E1D235F446B00DD51EA /* Build configuration list for PBXNativeTarget "SecondIOSApp" */ = {
			isa = XCConfigurationList;
			buildConfigurations = (
				F0A67E1E235F446B00DD51EA /* Debug */,
				F0A67E1F235F446B00DD51EA /* Release */,
			);
			defaultConfigurationIsVisible = 0;
			defaultConfigurationName = Release;
		};
/* End XCConfigurationList section */
	};
	rootObject = F0A67E01235F446A00DD51EA /* Project object */;
}
